
Microsoft Visual Studio Solution File, Format Version 12.00
# Visual Studio Version 17
VisualStudioVersion = 17.6.33829.357
MinimumVisualStudioVersion = 10.0.40219.1
Project("{8BC9CEB8-8B4A-11D0-8D11-00A0C91BC942}") = "Pract4_Pankrateva", "Pract4_Pankrateva\Pract4_Pankrateva.vcxproj", "{56927317-3546-4D4D-A3A8-FF3A7334479F}"
EndProject
Global
	GlobalSection(SolutionConfigurationPlatforms) = preSolution
		Debug|x64 = Debug|x64
		Debug|x86 = Debug|x86
		Release|x64 = Release|x64
		Release|x86 = Release|x86
	EndGlobalSection
	GlobalSection(ProjectConfigurationPlatforms) = postSolution
		{56927317-3546-4D4D-A3A8-FF3A7334479F}.Debug|x64.ActiveCfg = Debug|x64
		{56927317-3546-4D4D-A3A8-FF3A7334479F}.Debug|x64.Build.0 = Debug|x64
		{56927317-3546-4D4D-A3A8-FF3A7334479F}.Debug|x86.ActiveCfg = Debug|Win32
		{56927317-3546-4D4D-A3A8-FF3A7334479F}.Debug|x86.Build.0 = Debug|Win32
		{56927317-3546-4D4D-A3A8-FF3A7334479F}.Release|x64.ActiveCfg = Release|x64
		{56927317-3546-4D4D-A3A8-FF3A7334479F}.Release|x64.Build.0 = Release|x64
		{56927317-3546-4D4D-A3A8-FF3A7334479F}.Release|x86.ActiveCfg = Release|Win32
		{56927317-3546-4D4D-A3A8-FF3A7334479F}.Release|x86.Build.0 = Release|Win32
	EndGlobalSection
	GlobalSection(SolutionProperties) = preSolution
		HideSolutionNode = FALSE
	EndGlobalSection
	GlobalSection(ExtensibilityGlobals) = postSolution
		SolutionGuid = {80E8738A-1E5D-48B7-ACBD-32EA4ECD5728}
	EndGlobalSection
EndGlobal
